dependencies:
- name: traefik
  repository: https://traefik.github.io/charts
  version: 41.2.0
- name: cloudflare-tunnel
  repository: file://charts/cloudflared
  version: 0.1.0
digest: sha256:93a17c7e78419abdb879b69de30b39fb0ed8e9a53dc303c7862ab7dbaab7ed2c
generated: "2026-08-08T01:03:51.616685635Z"
