dependencies:
- name: traefik
  repository: https://traefik.github.io/charts
  version: 41.7.1
- name: cloudflare-tunnel
  repository: file://charts/cloudflared
  version: 0.1.0
digest: sha256:fc78b5d2e662eef40f328f7799ffe77e9b047a5682e0b4b3f4ce01fe3411b939
generated: "2026-10-10T03:42:55.560293787Z"
